// !$*UTF8*$!
{
	archiveVersion = 1;
	classes = {
	};
	objectVersion = 46;
	objects = {

/* Begin PBXBuildFile section */
		88934E111CC8F7AB00ED16B3 /* main.m in Sources */ = {isa = PBXBuildFile; fileRef = 88934E101CC8F7AB00ED16B3 /* main.m */; };
		88934E141CC8F7AB00ED16B3 /* AppDelegate.m in Sources */ = {isa = PBXBuildFile; fileRef = 88934E131CC8F7AB00ED16B3 /* AppDelegate.m */; };
		88934E171CC8F7AB00ED16B3 /* ViewController.m in Sources */ = {isa = PBXBuildFile; fileRef = 88934E161CC8F7AB00ED16B3 /* ViewController.m */; };
		88934E1A1CC8F7AB00ED16B3 /* Main.storyboard in Resources */ = {isa = PBXBuildFile; fileRef = 88934E181CC8F7AB00ED16B3 /* Main.storyboard */; };
		88934E1C1CC8F7AB00ED16B3 /* Assets.xcassets in Resources */ = {isa = PBXBuildFile; fileRef = 88934E1B1CC8F7AB00ED16B3 /* Assets.xcassets */; };
		88934E1F1CC8F7AB00ED16B3 /* LaunchScreen.storyboard in Resources */ = {isa = PBXBuildFile; fileRef = 88934E1D1CC8F7AB00ED16B3 /* LaunchScreen.storyboard */; };
		88934E2A1CC8F7AB00ED16B3 /* ___Tests.m in Sources */ = {isa = PBXBuildFile; fileRef = 88934E291CC8F7AB00ED16B3 /* ___Tests.m */; };
		88934E351CC8F7AB00ED16B3 /* ___UITests.m in Sources */ = {isa = PBXBuildFile; fileRef = 88934E341CC8F7AB00ED16B3 /* ___UITests.m */; };
		88934E471CC8FA7700ED16B3 /* OneViewController.m in Sources */ = {isa = PBXBuildFile; fileRef = 88934E461CC8FA7700ED16B3 /* OneViewController.m */; };
		88934E4A1CC8FA8600ED16B3 /* TwoViewController.m in Sources */ = {isa = PBXBuildFile; fileRef = 88934E491CC8FA8600ED16B3 /* TwoViewController.m */; };
		88934E4D1CC8FA9500ED16B3 /* ThreeViewController.m in Sources */ = {isa = PBXBuildFile; fileRef = 88934E4C1CC8FA9500ED16B3 /* ThreeViewController.m */; };
		88934E501CC8FAC500ED16B3 /* FourViewController.m in Sources */ = {isa = PBXBuildFile; fileRef = 88934E4F1CC8FAC500ED16B3 /* FourViewController.m */; };
		88934E531CC8FC1000ED16B3 /* UIView+Extension.m in Sources */ = {isa = PBXBuildFile; fileRef = 88934E521CC8FC1000ED16B3 /* UIView+Extension.m */; };
/* End PBXBuildFile section */

/* Begin PBXContainerItemProxy section */
		88934E261CC8F7AB00ED16B3 /* PBXContainerItemProxy */ = {
			isa = PBXContainerItemProxy;
			containerPortal = 88934E041CC8F7AB00ED16B3 /* Project object */;
			proxyType = 1;
			remoteGlobalIDString = 88934E0B1CC8F7AB00ED16B3;
			remoteInfo = "导航栏";
		};
		88934E311CC8F7AB00ED16B3 /* PBXContainerItemProxy */ = {
			isa = PBXContainerItemProxy;
			containerPortal = 88934E041CC8F7AB00ED16B3 /* Project object */;
			proxyType = 1;
			remoteGlobalIDString = 88934E0B1CC8F7AB00ED16B3;
			remoteInfo = "导航栏";
		};
/* End PBXContainerItemProxy section */

/* Begin PBXFileReference section */
		88934E0C1CC8F7AB00ED16B3 /* 导航栏.app */ = {isa = PBXFileReference; explicitFileType = wrapper.application; includeInIndex = 0; path = "导航栏.app"; sourceTree = BUILT_PRODUCTS_DIR; };
		88934E101CC8F7AB00ED16B3 /* main.m */ = {isa = PBXFileReference; lastKnownFileType = sourcecode.c.objc; path = main.m; sourceTree = "<group>"; };
		88934E121CC8F7AB00ED16B3 /* AppDelegate.h */ = {isa = PBXFileReference; lastKnownFileType = sourcecode.c.h; path = AppDelegate.h; sourceTree = "<group>"; };
		88934E131CC8F7AB00ED16B3 /* AppDelegate.m */ = {isa = PBXFileReference; lastKnownFileType = sourcecode.c.objc; path = AppDelegate.m; sourceTree = "<group>"; };
		88934E151CC8F7AB00ED16B3 /* ViewController.h */ = {isa = PBXFileReference; lastKnownFileType = sourcecode.c.h; path = ViewController.h; sourceTree = "<group>"; };
		88934E161CC8F7AB00ED16B3 /* ViewController.m */ = {isa = PBXFileReference; lastKnownFileType = sourcecode.c.objc; path = ViewController.m; sourceTree = "<group>"; };
		88934E191CC8F7AB00ED16B3 /* Base */ = {isa = PBXFileReference; lastKnownFileType = file.storyboard; name = Base; path = Base.lproj/Main.storyboard; sourceTree = "<group>"; };
		88934E1B1CC8F7AB00ED16B3 /* Assets.xcassets */ = {isa = PBXFileReference; lastKnownFileType = folder.assetcatalog; path = Assets.xcassets; sourceTree = "<group>"; };
		88934E1E1CC8F7AB00ED16B3 /* Base */ = {isa = PBXFileReference; lastKnownFileType = file.storyboard; name = Base; path = Base.lproj/LaunchScreen.storyboard; sourceTree = "<group>"; };
		88934E201CC8F7AB00ED16B3 /* Info.plist */ = {isa = PBXFileReference; lastKnownFileType = text.plist.xml; path = Info.plist; sourceTree = "<group>"; };
		88934E251CC8F7AB00ED16B3 /* 导航栏Tests.xctest */ = {isa = PBXFileReference; explicitFileType = wrapper.cfbundle; includeInIndex = 0; path = "导航栏Tests.xctest"; sourceTree = BUILT_PRODUCTS_DIR; };
		88934E291CC8F7AB00ED16B3 /* ___Tests.m */ = {isa = PBXFileReference; lastKnownFileType = sourcecode.c.objc; path = "___Tests.m"; sourceTree = "<group>"; };
		88934E2B1CC8F7AB00ED16B3 /* Info.plist */ = {isa = PBXFileReference; lastKnownFileType = text.plist.xml; path = Info.plist; sourceTree = "<group>"; };
		88934E301CC8F7AB00ED16B3 /* 导航栏UITests.xctest */ = {isa = PBXFileReference; explicitFileType = wrapper.cfbundle; includeInIndex = 0; path = "导航栏UITests.xctest"; sourceTree = BUILT_PRODUCTS_DIR; };
		88934E341CC8F7AB00ED16B3 /* ___UITests.m */ = {isa = PBXFileReference; lastKnownFileType = sourcecode.c.objc; path = "___UITests.m"; sourceTree = "<group>"; };
		88934E361CC8F7AB00ED16B3 /* Info.plist */ = {isa = PBXFileReference; lastKnownFileType = text.plist.xml; path = Info.plist; sourceTree = "<group>"; };
		88934E451CC8FA7700ED16B3 /* OneViewController.h */ = {isa = PBXFileReference; fileEncoding = 4; lastKnownFileType = sourcecode.c.h; path = OneViewController.h; sourceTree = "<group>"; };
		88934E461CC8FA7700ED16B3 /* OneViewController.m */ = {isa = PBXFileReference; fileEncoding = 4; lastKnownFileType = sourcecode.c.objc; path = OneViewController.m; sourceTree = "<group>"; };
		88934E481CC8FA8600ED16B3 /* TwoViewController.h */ = {isa = PBXFileReference; fileEncoding = 4; lastKnownFileType = sourcecode.c.h; path = TwoViewController.h; sourceTree = "<group>"; };
		88934E491CC8FA8600ED16B3 /* TwoViewController.m */ = {isa = PBXFileReference; fileEncoding = 4; lastKnownFileType = sourcecode.c.objc; path = TwoViewController.m; sourceTree = "<group>"; };
		88934E4B1CC8FA9500ED16B3 /* ThreeViewController.h */ = {isa = PBXFileReference; fileEncoding = 4; lastKnownFileType = sourcecode.c.h; path = ThreeViewController.h; sourceTree = "<group>"; };
		88934E4C1CC8FA9500ED16B3 /* ThreeViewController.m */ = {isa = PBXFileReference; fileEncoding = 4; lastKnownFileType = sourcecode.c.objc; path = ThreeViewController.m; sourceTree = "<group>"; };
		88934E4E1CC8FAC500ED16B3 /* FourViewController.h */ = {isa = PBXFileReference; fileEncoding = 4; lastKnownFileType = sourcecode.c.h; path = FourViewController.h; sourceTree = "<group>"; };
		88934E4F1CC8FAC500ED16B3 /* FourViewController.m */ = {isa = PBXFileReference; fileEncoding = 4; lastKnownFileType = sourcecode.c.objc; path = FourViewController.m; sourceTree = "<group>"; };
		88934E511CC8FC1000ED16B3 /* UIView+Extension.h */ = {isa = PBXFileReference; fileEncoding = 4; lastKnownFileType = sourcecode.c.h; path = "UIView+Extension.h"; sourceTree = "<group>"; };
		88934E521CC8FC1000ED16B3 /* UIView+Extension.m */ = {isa = PBXFileReference; fileEncoding = 4; lastKnownFileType = sourcecode.c.objc; path = "UIView+Extension.m"; sourceTree = "<group>"; };
/* End PBXFileReference section */

/* Begin PBXFrameworksBuildPhase section */
		88934E091CC8F7AB00ED16B3 /* Frameworks */ = {
			isa = PBXFrameworksBuildPhase;
			buildActionMask = 2147483647;
			files = (
			);
			runOnlyForDeploymentPostprocessing = 0;
		};
		88934E221CC8F7AB00ED16B3 /* Frameworks */ = {
			isa = PBXFrameworksBuildPhase;
			buildActionMask = 2147483647;
			files = (
			);
			runOnlyForDeploymentPostprocessing = 0;
		};
		88934E2D1CC8F7AB00ED16B3 /* Frameworks */ = {
			isa = PBXFrameworksBuildPhase;
			buildActionMask = 2147483647;
			files = (
			);
			runOnlyForDeploymentPostprocessing = 0;
		};
/* End PBXFrameworksBuildPhase section */

/* Begin PBXGroup section */
		88934E031CC8F7AB00ED16B3 = {
			isa = PBXGroup;
			children = (
				88934E0E1CC8F7AB00ED16B3 /* 导航栏 */,
				88934E281CC8F7AB00ED16B3 /* 导航栏Tests */,
				88934E331CC8F7AB00ED16B3 /* 导航栏UITests */,
				88934E0D1CC8F7AB00ED16B3 /* Products */,
			);
			sourceTree = "<group>";
		};
		88934E0D1CC8F7AB00ED16B3 /* Products */ = {
			isa = PBXGroup;
			children = (
				88934E0C1CC8F7AB00ED16B3 /* 导航栏.app */,
				88934E251CC8F7AB00ED16B3 /* 导航栏Tests.xctest */,
				88934E301CC8F7AB00ED16B3 /* 导航栏UITests.xctest */,
			);
			name = Products;
			sourceTree = "<group>";
		};
		88934E0E1CC8F7AB00ED16B3 /* 导航栏 */ = {
			isa = PBXGroup;
			children = (
				88934E121CC8F7AB00ED16B3 /* AppDelegate.h */,
				88934E131CC8F7AB00ED16B3 /* AppDelegate.m */,
				88934E151CC8F7AB00ED16B3 /* ViewController.h */,
				88934E161CC8F7AB00ED16B3 /* ViewController.m */,
				88934E451CC8FA7700ED16B3 /* OneViewController.h */,
				88934E461CC8FA7700ED16B3 /* OneViewController.m */,
				88934E481CC8FA8600ED16B3 /* TwoViewController.h */,
				88934E491CC8FA8600ED16B3 /* TwoViewController.m */,
				88934E4B1CC8FA9500ED16B3 /* ThreeViewController.h */,
				88934E4C1CC8FA9500ED16B3 /* ThreeViewController.m */,
				88934E4E1CC8FAC500ED16B3 /* FourViewController.h */,
				88934E4F1CC8FAC500ED16B3 /* FourViewController.m */,
				88934E511CC8FC1000ED16B3 /* UIView+Extension.h */,
				88934E521CC8FC1000ED16B3 /* UIView+Extension.m */,
				88934E181CC8F7AB00ED16B3 /* Main.storyboard */,
				88934E1B1CC8F7AB00ED16B3 /* Assets.xcassets */,
				88934E1D1CC8F7AB00ED16B3 /* LaunchScreen.storyboard */,
				88934E201CC8F7AB00ED16B3 /* Info.plist */,
				88934E0F1CC8F7AB00ED16B3 /* Supporting Files */,
			);
			path = "导航栏";
			sourceTree = "<group>";
		};
		88934E0F1CC8F7AB00ED16B3 /* Supporting Files */ = {
			isa = PBXGroup;
			children = (
				88934E101CC8F7AB00ED16B3 /* main.m */,
			);
			name = "Supporting Files";
			sourceTree = "<group>";
		};
		88934E281CC8F7AB00ED16B3 /* 导航栏Tests */ = {
			isa = PBXGroup;
			children = (
				88934E291CC8F7AB00ED16B3 /* ___Tests.m */,
				88934E2B1CC8F7AB00ED16B3 /* Info.plist */,
			);
			path = "导航栏Tests";
			sourceTree = "<group>";
		};
		88934E331CC8F7AB00ED16B3 /* 导航栏UITests */ = {
			isa = PBXGroup;
			children = (
				88934E341CC8F7AB00ED16B3 /* ___UITests.m */,
				88934E361CC8F7AB00ED16B3 /* Info.plist */,
			);
			path = "导航栏UITests";
			sourceTree = "<group>";
		};
/* End PBXGroup section */

/* Begin PBXNativeTarget section */
		88934E0B1CC8F7AB00ED16B3 /* 导航栏 */ = {
			isa = PBXNativeTarget;
			buildConfigurationList = 88934E391CC8F7AB00ED16B3 /* Build configuration list for PBXNativeTarget "导航栏" */;
			buildPhases = (
				88934E081CC8F7AB00ED16B3 /* Sources */,
				88934E091CC8F7AB00ED16B3 /* Frameworks */,
				88934E0A1CC8F7AB00ED16B3 /* Resources */,
			);
			buildRules = (
			);
			dependencies = (
			);
			name = "导航栏";
			productName = "导航栏";
			productReference = 88934E0C1CC8F7AB00ED16B3 /* 导航栏.app */;
			productType = "com.apple.product-type.application";
		};
		88934E241CC8F7AB00ED16B3 /* 导航栏Tests */ = {
			isa = PBXNativeTarget;
			buildConfigurationList = 88934E3C1CC8F7AB00ED16B3 /* Build configuration list for PBXNativeTarget "导航栏Tests" */;
			buildPhases = (
				88934E211CC8F7AB00ED16B3 /* Sources */,
				88934E221CC8F7AB00ED16B3 /* Frameworks */,
				88934E231CC8F7AB00ED16B3 /* Resources */,
			);
			buildRules = (
			);
			dependencies = (
				88934E271CC8F7AB00ED16B3 /* PBXTargetDependency */,
			);
			name = "导航栏Tests";
			productName = "导航栏Tests";
			productReference = 88934E251CC8F7AB00ED16B3 /* 导航栏Tests.xctest */;
			productType = "com.apple.product-type.bundle.unit-test";
		};
		88934E2F1CC8F7AB00ED16B3 /* 导航栏UITests */ = {
			isa = PBXNativeTarget;
			buildConfigurationList = 88934E3F1CC8F7AB00ED16B3 /* Build configuration list for PBXNativeTarget "导航栏UITests" */;
			buildPhases = (
				88934E2C1CC8F7AB00ED16B3 /* Sources */,
				88934E2D1CC8F7AB00ED16B3 /* Frameworks */,
				88934E2E1CC8F7AB00ED16B3 /* Resources */,
			);
			buildRules = (
			);
			dependencies = (
				88934E321CC8F7AB00ED16B3 /* PBXTargetDependency */,
			);
			name = "导航栏UITests";
			productName = "导航栏UITests";
			productReference = 88934E301CC8F7AB00ED16B3 /* 导航栏UITests.xctest */;
			productType = "com.apple.product-type.bundle.ui-testing";
		};
/* End PBXNativeTarget section */

/* Begin PBXProject section */
		88934E041CC8F7AB00ED16B3 /* Project object */ = {
			isa = PBXProject;
			attributes = {
				LastUpgradeCheck = 0720;
				ORGANIZATIONNAME = mac;
				TargetAttributes = {
					88934E0B1CC8F7AB00ED16B3 = {
						CreatedOnToolsVersion = 7.2.1;
					};
					88934E241CC8F7AB00ED16B3 = {
						CreatedOnToolsVersion = 7.2.1;
						TestTargetID = 88934E0B1CC8F7AB00ED16B3;
					};
					88934E2F1CC8F7AB00ED16B3 = {
						CreatedOnToolsVersion = 7.2.1;
						TestTargetID = 88934E0B1CC8F7AB00ED16B3;
					};
				};
			};
			buildConfigurationList = 88934E071CC8F7AB00ED16B3 /* Build configuration list for PBXProject "导航栏" */;
			compatibilityVersion = "Xcode 3.2";
			developmentRegion = English;
			hasScannedForEncodings = 0;
			knownRegions = (
				en,
				Base,
			);
			mainGroup = 88934E031CC8F7AB00ED16B3;
			productRefGroup = 88934E0D1CC8F7AB00ED16B3 /* Products */;
			projectDirPath = "";
			projectRoot = "";
			targets = (
				88934E0B1CC8F7AB00ED16B3 /* 导航栏 */,
				88934E241CC8F7AB00ED16B3 /* 导航栏Tests */,
				88934E2F1CC8F7AB00ED16B3 /* 导航栏UITests */,
			);
		};
/* End PBXProject section */

/* Begin PBXResourcesBuildPhase section */
		88934E0A1CC8F7AB00ED16B3 /* Resources */ = {
			isa = PBXResourcesBuildPhase;
			buildActionMask = 2147483647;
			files = (
				88934E1F1CC8F7AB00ED16B3 /* LaunchScreen.storyboard in Resources */,
				88934E1C1CC8F7AB00ED16B3 /* Assets.xcassets in Resources */,
				88934E1A1CC8F7AB00ED16B3 /* Main.storyboard in Resources */,
			);
			runOnlyForDeploymentPostprocessing = 0;
		};
		88934E231CC8F7AB00ED16B3 /* Resources */ = {
			isa = PBXResourcesBuildPhase;
			buildActionMask = 2147483647;
			files = (
			);
			runOnlyForDeploymentPostprocessing = 0;
		};
		88934E2E1CC8F7AB00ED16B3 /* Resources */ = {
			isa = PBXResourcesBuildPhase;
			buildActionMask = 2147483647;
			files = (
			);
			runOnlyForDeploymentPostprocessing = 0;
		};
/* End PBXResourcesBuildPhase section */

/* Begin PBXSourcesBuildPhase section */
		88934E081CC8F7AB00ED16B3 /* Sources */ = {
			isa = PBXSourcesBuildPhase;
			buildActionMask = 2147483647;
			files = (
				88934E501CC8FAC500ED16B3 /* FourViewController.m in Sources */,
				88934E171CC8F7AB00ED16B3 /* ViewController.m in Sources */,
				88934E141CC8F7AB00ED16B3 /* AppDelegate.m in Sources */,
				88934E111CC8F7AB00ED16B3 /* main.m in Sources */,
				88934E4D1CC8FA9500ED16B3 /* ThreeViewController.m in Sources */,
				88934E4A1CC8FA8600ED16B3 /* TwoViewController.m in Sources */,
				88934E531CC8FC1000ED16B3 /* UIView+Extension.m in Sources */,
				88934E471CC8FA7700ED16B3 /* OneViewController.m in Sources */,
			);
			runOnlyForDeploymentPostprocessing = 0;
		};
		88934E211CC8F7AB00ED16B3 /* Sources */ = {
			isa = PBXSourcesBuildPhase;
			buildActionMask = 2147483647;
			files = (
				88934E2A1CC8F7AB00ED16B3 /* ___Tests.m in Sources */,
			);
			runOnlyForDeploymentPostprocessing = 0;
		};
		88934E2C1CC8F7AB00ED16B3 /* Sources */ = {
			isa = PBXSourcesBuildPhase;
			buildActionMask = 2147483647;
			files = (
				88934E351CC8F7AB00ED16B3 /* ___UITests.m in Sources */,
			);
			runOnlyForDeploymentPostprocessing = 0;
		};
/* End PBXSourcesBuildPhase section */

/* Begin PBXTargetDependency section */
		88934E271CC8F7AB00ED16B3 /* PBXTargetDependency */ = {
			isa = PBXTargetDependency;
			target = 88934E0B1CC8F7AB00ED16B3 /* 导航栏 */;
			targetProxy = 88934E261CC8F7AB00ED16B3 /* PBXContainerItemProxy */;
		};
		88934E321CC8F7AB00ED16B3 /* PBXTargetDependency */ = {
			isa = PBXTargetDependency;
			target = 88934E0B1CC8F7AB00ED16B3 /* 导航栏 */;
			targetProxy = 88934E311CC8F7AB00ED16B3 /* PBXContainerItemProxy */;
		};
/* End PBXTargetDependency section */

/* Begin PBXVariantGroup section */
		88934E181CC8F7AB00ED16B3 /* Main.storyboard */ = {
			isa = PBXVariantGroup;
			children = (
				88934E191CC8F7AB00ED16B3 /* Base */,
			);
			name = Main.storyboard;
			sourceTree = "<group>";
		};
		88934E1D1CC8F7AB00ED16B3 /* LaunchScreen.storyboard */ = {
			isa = PBXVariantGroup;
			children = (
				88934E1E1CC8F7AB00ED16B3 /* Base */,
			);
			name = LaunchScreen.storyboard;
			sourceTree = "<group>";
		};
/* End PBXVariantGroup section */

/* Begin XCBuildConfiguration section */
		88934E371CC8F7AB00ED16B3 /* Debug */ = {
			isa = XCBuildConfiguration;
			buildSettings = {
				ALWAYS_SEARCH_USER_PATHS = NO;
				CLANG_CXX_LANGUAGE_STANDARD = "gnu++0x";
				CLANG_CXX_LIBRARY = "libc++";
				CLANG_ENABLE_MODULES = YES;
				CLANG_ENABLE_OBJC_ARC = YES;
				CLANG_WARN_BOOL_CONVERSION = YES;
				CLANG_WARN_CONSTANT_CONVERSION = YES;
				CLANG_WARN_DIRECT_OBJC_ISA_USAGE = YES_ERROR;
				CLANG_WARN_EMPTY_BODY = YES;
				CLANG_WARN_ENUM_CONVERSION = YES;
				CLANG_WARN_INT_CONVERSION = YES;
				CLANG_WARN_OBJC_ROOT_CLASS = YES_ERROR;
				CLANG_WARN_UNREACHABLE_CODE = YES;
				CLANG_WARN__DUPLICATE_METHOD_MATCH = YES;
				"CODE_SIGN_IDENTITY[sdk=iphoneos*]" = "iPhone Developer";
				COPY_PHASE_STRIP = NO;
				DEBUG_INFORMATION_FORMAT = dwarf;
				ENABLE_STRICT_OBJC_MSGSEND = YES;
				ENABLE_TESTABILITY = YES;
				GCC_C_LANGUAGE_STANDARD = gnu99;
				GCC_DYNAMIC_NO_PIC = NO;
				GCC_NO_COMMON_BLOCKS = YES;
				GCC_OPTIMIZATION_LEVEL = 0;
				GCC_PREPROCESSOR_DEFINITIONS = (
					"DEBUG=1",
					"$(inherited)",
				);
				GCC_WARN_64_TO_32_BIT_CONVERSION = YES;
				GCC_WARN_ABOUT_RETURN_TYPE = YES_ERROR;
				GCC_WARN_UNDECLARED_SELECTOR = YES;
				GCC_WARN_UNINITIALIZED_AUTOS = YES_AGGRESSIVE;
				GCC_WARN_UNUSED_FUNCTION = YES;
				GCC_WARN_UNUSED_VARIABLE = YES;
				IPHONEOS_DEPLOYMENT_TARGET = 9.2;
				MTL_ENABLE_DEBUG_INFO = YES;
				ONLY_ACTIVE_ARCH = YES;
				SDKROOT = iphoneos;
				TARGETED_DEVICE_FAMILY = "1,2";
			};
			name = Debug;
		};
		88934E381CC8F7AB00ED16B3 /* Release */ = {
			isa = XCBuildConfiguration;
			buildSettings = {
				ALWAYS_SEARCH_USER_PATHS = NO;
				CLANG_CXX_LANGUAGE_STANDARD = "gnu++0x";
				CLANG_CXX_LIBRARY = "libc++";
				CLANG_ENABLE_MODULES = YES;
				CLANG_ENABLE_OBJC_ARC = YES;
				CLANG_WARN_BOOL_CONVERSION = YES;
				CLANG_WARN_CONSTANT_CONVERSION = YES;
				CLANG_WARN_DIRECT_OBJC_ISA_USAGE = YES_ERROR;
				CLANG_WARN_EMPTY_BODY = YES;
				CLANG_WARN_ENUM_CONVERSION = YES;
				CLANG_WARN_INT_CONVERSION = YES;
				CLANG_WARN_OBJC_ROOT_CLASS = YES_ERROR;
				CLANG_WARN_UNREACHABLE_CODE = YES;
				CLANG_WARN__DUPLICATE_METHOD_MATCH = YES;
				"CODE_SIGN_IDENTITY[sdk=iphoneos*]" = "iPhone Developer";
				COPY_PHASE_STRIP = NO;
				DEBUG_INFORMATION_FORMAT = "dwarf-with-dsym";
				ENABLE_NS_ASSERTIONS = NO;
				ENABLE_STRICT_OBJC_MSGSEND = YES;
				GCC_C_LANGUAGE_STANDARD = gnu99;
				GCC_NO_COMMON_BLOCKS = YES;
				GCC_WARN_64_TO_32_BIT_CONVERSION = YES;
				GCC_WARN_ABOUT_RETURN_TYPE = YES_ERROR;
				GCC_WARN_UNDECLARED_SELECTOR = YES;
				GCC_WARN_UNINITIALIZED_AUTOS = YES_AGGRESSIVE;
				GCC_WARN_UNUSED_FUNCTION = YES;
				GCC_WARN_UNUSED_VARIABLE = YES;
				IPHONEOS_DEPLOYMENT_TARGET = 9.2;
				MTL_ENABLE_DEBUG_INFO = NO;
				SDKROOT = iphoneos;
				TARGETED_DEVICE_FAMILY = "1,2";
				VALIDATE_PRODUCT = YES;
			};
			name = Release;
		};
		88934E3A1CC8F7AB00ED16B3 /* Debug */ = {
			isa = XCBuildConfiguration;
			buildSettings = {
				ASSETCATALOG_COMPILER_APPICON_NAME = AppIcon;
				INFOPLIST_FILE = "导航栏/Info.plist";
				LD_RUNPATH_SEARCH_PATHS = "$(inherited) @executable_path/Frameworks";
				PRODUCT_BUNDLE_IDENTIFIER = "style--.---";
				PRODUCT_NAME = "$(TARGET_NAME)";
			};
			name = Debug;
		};
		88934E3B1CC8F7AB00ED16B3 /* Release */ = {
			isa = XCBuildConfiguration;
			buildSettings = {
				ASSETCATALOG_COMPILER_APPICON_NAME = AppIcon;
				INFOPLIST_FILE = "导航栏/Info.plist";
				LD_RUNPATH_SEARCH_PATHS = "$(inherited) @executable_path/Frameworks";
				PRODUCT_BUNDLE_IDENTIFIER = "style--.---";
				PRODUCT_NAME = "$(TARGET_NAME)";
			};
			name = Release;
		};
		88934E3D1CC8F7AB00ED16B3 /* Debug */ = {
			isa = XCBuildConfiguration;
			buildSettings = {
				BUNDLE_LOADER = "$(TEST_HOST)";
				INFOPLIST_FILE = "导航栏Tests/Info.plist";
				LD_RUNPATH_SEARCH_PATHS = "$(inherited) @executable_path/Frameworks @loader_path/Frameworks";
				PRODUCT_BUNDLE_IDENTIFIER = "style--.---Tests";
				PRODUCT_NAME = "$(TARGET_NAME)";
				TEST_HOST = "$(BUILT_PRODUCTS_DIR)/导航栏.app/导航栏";
			};
			name = Debug;
		};
		88934E3E1CC8F7AB00ED16B3 /* Release */ = {
			isa = XCBuildConfiguration;
			buildSettings = {
				BUNDLE_LOADER = "$(TEST_HOST)";
				INFOPLIST_FILE = "导航栏Tests/Info.plist";
				LD_RUNPATH_SEARCH_PATHS = "$(inherited) @executable_path/Frameworks @loader_path/Frameworks";
				PRODUCT_BUNDLE_IDENTIFIER = "style--.---Tests";
				PRODUCT_NAME = "$(TARGET_NAME)";
				TEST_HOST = "$(BUILT_PRODUCTS_DIR)/导航栏.app/导航栏";
			};
			name = Release;
		};
		88934E401CC8F7AB00ED16B3 /* Debug */ = {
			isa = XCBuildConfiguration;
			buildSettings = {
				INFOPLIST_FILE = "导航栏UITests/Info.plist";
				LD_RUNPATH_SEARCH_PATHS = "$(inherited) @executable_path/Frameworks @loader_path/Frameworks";
				PRODUCT_BUNDLE_IDENTIFIER = "style--.---UITests";
				PRODUCT_NAME = "$(TARGET_NAME)";
				TEST_TARGET_NAME = "导航栏";
				USES_XCTRUNNER = YES;
			};
			name = Debug;
		};
		88934E411CC8F7AB00ED16B3 /* Release */ = {
			isa = XCBuildConfiguration;
			buildSettings = {
				INFOPLIST_FILE = "导航栏UITests/Info.plist";
				LD_RUNPATH_SEARCH_PATHS = "$(inherited) @executable_path/Frameworks @loader_path/Frameworks";
				PRODUCT_BUNDLE_IDENTIFIER = "style--.---UITests";
				PRODUCT_NAME = "$(TARGET_NAME)";
				TEST_TARGET_NAME = "导航栏";
				USES_XCTRUNNER = YES;
			};
			name = Release;
		};
/* End XCBuildConfiguration section */

/* Begin XCConfigurationList section */
		88934E071CC8F7AB00ED16B3 /* Build configuration list for PBXProject "导航栏" */ = {
			isa = XCConfigurationList;
			buildConfigurations = (
				88934E371CC8F7AB00ED16B3 /* Debug */,
				88934E381CC8F7AB00ED16B3 /* Release */,
			);
			defaultConfigurationIsVisible = 0;
			defaultConfigurationName = Release;
		};
		88934E391CC8F7AB00ED16B3 /* Build configuration list for PBXNativeTarget "导航栏" */ = {
			isa = XCConfigurationList;
			buildConfigurations = (
				88934E3A1CC8F7AB00ED16B3 /* Debug */,
				88934E3B1CC8F7AB00ED16B3 /* Release */,
			);
			defaultConfigurationIsVisible = 0;
		};
		88934E3C1CC8F7AB00ED16B3 /* Build configuration list for PBXNativeTarget "导航栏Tests" */ = {
			isa = XCConfigurationList;
			buildConfigurations = (
				88934E3D1CC8F7AB00ED16B3 /* Debug */,
				88934E3E1CC8F7AB00ED16B3 /* Release */,
			);
			defaultConfigurationIsVisible = 0;
		};
		88934E3F1CC8F7AB00ED16B3 /* Build configuration list for PBXNativeTarget "导航栏UITests" */ = {
			isa = XCConfigurationList;
			buildConfigurations = (
				88934E401CC8F7AB00ED16B3 /* Debug */,
				88934E411CC8F7AB00ED16B3 /* Release */,
			);
			defaultConfigurationIsVisible = 0;
		};
/* End XCConfigurationList section */
	};
	rootObject = 88934E041CC8F7AB00ED16B3 /* Project object */;
}
